
Microsoft Visual Studio Solution File, Format Version 12.00
# Visual Studio Version 16
VisualStudioVersion = 16.0.31613.86
MinimumVisualStudioVersion = 10.0.40219.1
Project("{FAE04EC0-301F-11D3-BF4B-00C04F79EFBC}") = "CursoCSharp", "CursoCSharp\CursoCSharp.csproj", "{0D092080-4CE9-4C59-AC27-ECCDD9BC141D}"
EndProject
Global
	GlobalSection(SolutionConfigurationPlatforms) = preSolution
		Debug|Any CPU = Debug|Any CPU
		Release|Any CPU = Release|Any CPU
	EndGlobalSection
	GlobalSection(ProjectConfigurationPlatforms) = postSolution
		{0D092080-4CE9-4C59-AC27-ECCDD9BC141D}.Debug|Any CPU.ActiveCfg = Debug|Any CPU
		{0D092080-4CE9-4C59-AC27-ECCDD9BC141D}.Debug|Any CPU.Build.0 = Debug|Any CPU
		{0D092080-4CE9-4C59-AC27-ECCDD9BC141D}.Release|Any CPU.ActiveCfg = Release|Any CPU
		{0D092080-4CE9-4C59-AC27-ECCDD9BC141D}.Release|Any CPU.Build.0 = Release|Any CPU
	EndGlobalSection
	GlobalSection(SolutionProperties) = preSolution
		HideSolutionNode = FALSE
	EndGlobalSection
	GlobalSection(ExtensibilityGlobals) = postSolution
		SolutionGuid = {3106828B-FCDD-4CB3-97C7-72F5BD75D1C4}
	EndGlobalSection
EndGlobal
